
Microsoft Visual Studio Solution File, Format Version 12.00
# Visual Studio 15
VisualStudioVersion = 15.0.28307.421
MinimumVisualStudioVersion = 10.0.40219.1
Project("{FAE04EC0-301F-11D3-BF4B-00C04F79EFBC}") = "Enterprise", "Enterprise\Enterprise.csproj", "{75270444-2B7C-4721-8AF1-B53EFDB9B7A0}"
EndProject
Global
	GlobalSection(SolutionConfigurationPlatforms) = preSolution
		Debug|Any CPU = Debug|Any CPU
		Release|Any CPU = Release|Any CPU
	EndGlobalSection
	GlobalSection(ProjectConfigurationPlatforms) = postSolution
		{75270444-2B7C-4721-8AF1-B53EFDB9B7A0}.Debug|Any CPU.ActiveCfg = Debug|Any CPU
		{75270444-2B7C-4721-8AF1-B53EFDB9B7A0}.Debug|Any CPU.Build.0 = Debug|Any CPU
		{75270444-2B7C-4721-8AF1-B53EFDB9B7A0}.Release|Any CPU.ActiveCfg = Release|Any CPU
		{75270444-2B7C-4721-8AF1-B53EFDB9B7A0}.Release|Any CPU.Build.0 = Release|Any CPU
	EndGlobalSection
	GlobalSection(SolutionProperties) = preSolution
		HideSolutionNode = FALSE
	EndGlobalSection
	GlobalSection(ExtensibilityGlobals) = postSolution
		SolutionGuid = {163FBDA5-DD36-43DB-A30E-D8F3BDB208C9}
	EndGlobalSection
EndGlobal
