
Microsoft Visual Studio Solution File, Format Version 12.00
# Visual Studio 15
VisualStudioVersion = 15.0.27130.2024
MinimumVisualStudioVersion = 10.0.40219.1
Project("{9A19103F-16F7-4668-BE54-9A1E7A4F7556}") = "ReverseNumbers", "ReverseNumbers\ReverseNumbers.csproj", "{341BDC0A-1AB9-434E-B831-610F5DCF96FD}"
EndProject
Project("{9A19103F-16F7-4668-BE54-9A1E7A4F7556}") = "CalculateSequence", "CalculateSequence\CalculateSequence.csproj", "{AA3EAC3D-E192-4F55-9CC4-23B53DA343D9}"
EndProject
Project("{FAE04EC0-301F-11D3-BF4B-00C04F79EFBC}") = "ArrayStack", "ArrayStack\ArrayStack.csproj", "{A802D1F6-07B1-450A-9002-28448C04D6EB}"
EndProject
Project("{FAE04EC0-301F-11D3-BF4B-00C04F79EFBC}") = "LinkedStack", "LinkedStack\LinkedStack.csproj", "{D9476B38-74C1-41C8-B3C4-87F392569365}"
EndProject
Project("{FAE04EC0-301F-11D3-BF4B-00C04F79EFBC}") = "LinkedQueue", "LinkedQueue\LinkedQueue.csproj", "{44F23680-A4BC-4655-AB89-F4D3E21D5D76}"
EndProject
Project("{FAE04EC0-301F-11D3-BF4B-00C04F79EFBC}") = "SequenceN-M", "SequenceN-M\SequenceN-M.csproj", "{37DE52B3-A225-4A53-BFD1-D3BCD5717C6B}"
EndProject
Global
	GlobalSection(SolutionConfigurationPlatforms) = preSolution
		Debug|Any CPU = Debug|Any CPU
		Release|Any CPU = Release|Any CPU
	EndGlobalSection
	GlobalSection(ProjectConfigurationPlatforms) = postSolution
		{341BDC0A-1AB9-434E-B831-610F5DCF96FD}.Debug|Any CPU.ActiveCfg = Debug|Any CPU
		{341BDC0A-1AB9-434E-B831-610F5DCF96FD}.Debug|Any CPU.Build.0 = Debug|Any CPU
		{341BDC0A-1AB9-434E-B831-610F5DCF96FD}.Release|Any CPU.ActiveCfg = Release|Any CPU
		{341BDC0A-1AB9-434E-B831-610F5DCF96FD}.Release|Any CPU.Build.0 = Release|Any CPU
		{AA3EAC3D-E192-4F55-9CC4-23B53DA343D9}.Debug|Any CPU.ActiveCfg = Debug|Any CPU
		{AA3EAC3D-E192-4F55-9CC4-23B53DA343D9}.Debug|Any CPU.Build.0 = Debug|Any CPU
		{AA3EAC3D-E192-4F55-9CC4-23B53DA343D9}.Release|Any CPU.ActiveCfg = Release|Any CPU
		{AA3EAC3D-E192-4F55-9CC4-23B53DA343D9}.Release|Any CPU.Build.0 = Release|Any CPU
		{A802D1F6-07B1-450A-9002-28448C04D6EB}.Debug|Any CPU.ActiveCfg = Debug|Any CPU
		{A802D1F6-07B1-450A-9002-28448C04D6EB}.Debug|Any CPU.Build.0 = Debug|Any CPU
		{A802D1F6-07B1-450A-9002-28448C04D6EB}.Release|Any CPU.ActiveCfg = Release|Any CPU
		{A802D1F6-07B1-450A-9002-28448C04D6EB}.Release|Any CPU.Build.0 = Release|Any CPU
		{D9476B38-74C1-41C8-B3C4-87F392569365}.Debug|Any CPU.ActiveCfg = Debug|Any CPU
		{D9476B38-74C1-41C8-B3C4-87F392569365}.Debug|Any CPU.Build.0 = Debug|Any CPU
		{D9476B38-74C1-41C8-B3C4-87F392569365}.Release|Any CPU.ActiveCfg = Release|Any CPU
		{D9476B38-74C1-41C8-B3C4-87F392569365}.Release|Any CPU.Build.0 = Release|Any CPU
		{44F23680-A4BC-4655-AB89-F4D3E21D5D76}.Debug|Any CPU.ActiveCfg = Debug|Any CPU
		{44F23680-A4BC-4655-AB89-F4D3E21D5D76}.Debug|Any CPU.Build.0 = Debug|Any CPU
		{44F23680-A4BC-4655-AB89-F4D3E21D5D76}.Release|Any CPU.ActiveCfg = Release|Any CPU
		{44F23680-A4BC-4655-AB89-F4D3E21D5D76}.Release|Any CPU.Build.0 = Release|Any CPU
		{37DE52B3-A225-4A53-BFD1-D3BCD5717C6B}.Debug|Any CPU.ActiveCfg = Debug|Any CPU
		{37DE52B3-A225-4A53-BFD1-D3BCD5717C6B}.Debug|Any CPU.Build.0 = Debug|Any CPU
		{37DE52B3-A225-4A53-BFD1-D3BCD5717C6B}.Release|Any CPU.ActiveCfg = Release|Any CPU
		{37DE52B3-A225-4A53-BFD1-D3BCD5717C6B}.Release|Any CPU.Build.0 = Release|Any CPU
	EndGlobalSection
	GlobalSection(SolutionProperties) = preSolution
		HideSolutionNode = FALSE
	EndGlobalSection
	GlobalSection(ExtensibilityGlobals) = postSolution
		SolutionGuid = {75F839BD-88D2-49EA-A65E-12BB6696E3DD}
	EndGlobalSection
EndGlobal
