
Microsoft Visual Studio Solution File, Format Version 12.00
# Visual Studio 15
VisualStudioVersion = 15.0.28307.136
MinimumVisualStudioVersion = 10.0.40219.1
Project("{FAE04EC0-301F-11D3-BF4B-00C04F79EFBC}") = "SumAndAverage", "SumAndAverage\SumAndAverage.csproj", "{F9C554EF-86EA-4828-A12E-88D9FAB7120F}"
EndProject
Project("{FAE04EC0-301F-11D3-BF4B-00C04F79EFBC}") = "SortWords", "SortWords\SortWords.csproj", "{C857AC68-55F3-4B5F-B278-EB2BAEC2DD43}"
EndProject
Project("{FAE04EC0-301F-11D3-BF4B-00C04F79EFBC}") = "LongestSubsequence", "LongestSubsequence\LongestSubsequence.csproj", "{6AF15037-247E-4364-8DB6-40B7EF4A5CB5}"
EndProject
Project("{FAE04EC0-301F-11D3-BF4B-00C04F79EFBC}") = "RemoveOddOccurrences", "RemoveOddOccurrences\RemoveOddOccurrences.csproj", "{A0EDB4F8-533E-4DA9-995E-4DA39D0DBE82}"
EndProject
Project("{FAE04EC0-301F-11D3-BF4B-00C04F79EFBC}") = "CountOfOccurrences", "CountOfOccurrences\CountOfOccurrences.csproj", "{15571203-987C-40A3-BF19-2EC0541CAAEE}"
EndProject
Project("{FAE04EC0-301F-11D3-BF4B-00C04F79EFBC}") = "ReversedList", "ReversedList\ReversedList.csproj", "{C7B6A5F0-6CD8-4F70-B79D-6C2612883A3D}"
EndProject
Project("{FAE04EC0-301F-11D3-BF4B-00C04F79EFBC}") = "DistanceInLabyrinth", "DistanceInLabyrinth\DistanceInLabyrinth.csproj", "{334A3144-2BBD-4D21-AD38-631D9E05CDDD}"
EndProject
Global
	GlobalSection(SolutionConfigurationPlatforms) = preSolution
		Debug|Any CPU = Debug|Any CPU
		Release|Any CPU = Release|Any CPU
	EndGlobalSection
	GlobalSection(ProjectConfigurationPlatforms) = postSolution
		{F9C554EF-86EA-4828-A12E-88D9FAB7120F}.Debug|Any CPU.ActiveCfg = Debug|Any CPU
		{F9C554EF-86EA-4828-A12E-88D9FAB7120F}.Debug|Any CPU.Build.0 = Debug|Any CPU
		{F9C554EF-86EA-4828-A12E-88D9FAB7120F}.Release|Any CPU.ActiveCfg = Release|Any CPU
		{F9C554EF-86EA-4828-A12E-88D9FAB7120F}.Release|Any CPU.Build.0 = Release|Any CPU
		{C857AC68-55F3-4B5F-B278-EB2BAEC2DD43}.Debug|Any CPU.ActiveCfg = Debug|Any CPU
		{C857AC68-55F3-4B5F-B278-EB2BAEC2DD43}.Debug|Any CPU.Build.0 = Debug|Any CPU
		{C857AC68-55F3-4B5F-B278-EB2BAEC2DD43}.Release|Any CPU.ActiveCfg = Release|Any CPU
		{C857AC68-55F3-4B5F-B278-EB2BAEC2DD43}.Release|Any CPU.Build.0 = Release|Any CPU
		{6AF15037-247E-4364-8DB6-40B7EF4A5CB5}.Debug|Any CPU.ActiveCfg = Debug|Any CPU
		{6AF15037-247E-4364-8DB6-40B7EF4A5CB5}.Debug|Any CPU.Build.0 = Debug|Any CPU
		{6AF15037-247E-4364-8DB6-40B7EF4A5CB5}.Release|Any CPU.ActiveCfg = Release|Any CPU
		{6AF15037-247E-4364-8DB6-40B7EF4A5CB5}.Release|Any CPU.Build.0 = Release|Any CPU
		{A0EDB4F8-533E-4DA9-995E-4DA39D0DBE82}.Debug|Any CPU.ActiveCfg = Debug|Any CPU
		{A0EDB4F8-533E-4DA9-995E-4DA39D0DBE82}.Debug|Any CPU.Build.0 = Debug|Any CPU
		{A0EDB4F8-533E-4DA9-995E-4DA39D0DBE82}.Release|Any CPU.ActiveCfg = Release|Any CPU
		{A0EDB4F8-533E-4DA9-995E-4DA39D0DBE82}.Release|Any CPU.Build.0 = Release|Any CPU
		{15571203-987C-40A3-BF19-2EC0541CAAEE}.Debug|Any CPU.ActiveCfg = Debug|Any CPU
		{15571203-987C-40A3-BF19-2EC0541CAAEE}.Debug|Any CPU.Build.0 = Debug|Any CPU
		{15571203-987C-40A3-BF19-2EC0541CAAEE}.Release|Any CPU.ActiveCfg = Release|Any CPU
		{15571203-987C-40A3-BF19-2EC0541CAAEE}.Release|Any CPU.Build.0 = Release|Any CPU
		{C7B6A5F0-6CD8-4F70-B79D-6C2612883A3D}.Debug|Any CPU.ActiveCfg = Debug|Any CPU
		{C7B6A5F0-6CD8-4F70-B79D-6C2612883A3D}.Debug|Any CPU.Build.0 = Debug|Any CPU
		{C7B6A5F0-6CD8-4F70-B79D-6C2612883A3D}.Release|Any CPU.ActiveCfg = Release|Any CPU
		{C7B6A5F0-6CD8-4F70-B79D-6C2612883A3D}.Release|Any CPU.Build.0 = Release|Any CPU
		{334A3144-2BBD-4D21-AD38-631D9E05CDDD}.Debug|Any CPU.ActiveCfg = Debug|Any CPU
		{334A3144-2BBD-4D21-AD38-631D9E05CDDD}.Debug|Any CPU.Build.0 = Debug|Any CPU
		{334A3144-2BBD-4D21-AD38-631D9E05CDDD}.Release|Any CPU.ActiveCfg = Release|Any CPU
		{334A3144-2BBD-4D21-AD38-631D9E05CDDD}.Release|Any CPU.Build.0 = Release|Any CPU
	EndGlobalSection
	GlobalSection(SolutionProperties) = preSolution
		HideSolutionNode = FALSE
	EndGlobalSection
	GlobalSection(ExtensibilityGlobals) = postSolution
		SolutionGuid = {C8D59A6E-7F28-492F-9158-E56A2A260933}
	EndGlobalSection
EndGlobal
