
Microsoft Visual Studio Solution File, Format Version 12.00
# Visual Studio 15
VisualStudioVersion = 15.0.27130.2027
MinimumVisualStudioVersion = 10.0.40219.1
Project("{FAE04EC0-301F-11D3-BF4B-00C04F79EFBC}") = "Tree", "Tree\Tree.csproj", "{CF5E89B8-7360-4300-B1A8-DCD0AA6D3C5B}"
EndProject
Global
	GlobalSection(SolutionConfigurationPlatforms) = preSolution
		Debug|Any CPU = Debug|Any CPU
		Release|Any CPU = Release|Any CPU
	EndGlobalSection
	GlobalSection(ProjectConfigurationPlatforms) = postSolution
		{CF5E89B8-7360-4300-B1A8-DCD0AA6D3C5B}.Debug|Any CPU.ActiveCfg = Debug|Any CPU
		{CF5E89B8-7360-4300-B1A8-DCD0AA6D3C5B}.Debug|Any CPU.Build.0 = Debug|Any CPU
		{CF5E89B8-7360-4300-B1A8-DCD0AA6D3C5B}.Release|Any CPU.ActiveCfg = Release|Any CPU
		{CF5E89B8-7360-4300-B1A8-DCD0AA6D3C5B}.Release|Any CPU.Build.0 = Release|Any CPU
	EndGlobalSection
	GlobalSection(SolutionProperties) = preSolution
		HideSolutionNode = FALSE
	EndGlobalSection
	GlobalSection(ExtensibilityGlobals) = postSolution
		SolutionGuid = {ABDE57E8-C6A7-49EB-A194-ED55F8E0EF3D}
	EndGlobalSection
EndGlobal
