
Microsoft Visual Studio Solution File, Format Version 12.00
# Visual Studio 15
VisualStudioVersion = 15.0.28307.168
MinimumVisualStudioVersion = 10.0.40219.1
Project("{FAE04EC0-301F-11D3-BF4B-00C04F79EFBC}") = "Basic-Tree-Data-Structures", "Basic-Tree-Data-Structures\Basic-Tree-Data-Structures.csproj", "{1CF4281D-8B4D-4055-8BA8-94B636CC11D2}"
EndProject
Global
	GlobalSection(SolutionConfigurationPlatforms) = preSolution
		Debug|Any CPU = Debug|Any CPU
		Release|Any CPU = Release|Any CPU
	EndGlobalSection
	GlobalSection(ProjectConfigurationPlatforms) = postSolution
		{1CF4281D-8B4D-4055-8BA8-94B636CC11D2}.Debug|Any CPU.ActiveCfg = Debug|Any CPU
		{1CF4281D-8B4D-4055-8BA8-94B636CC11D2}.Debug|Any CPU.Build.0 = Debug|Any CPU
		{1CF4281D-8B4D-4055-8BA8-94B636CC11D2}.Release|Any CPU.ActiveCfg = Release|Any CPU
		{1CF4281D-8B4D-4055-8BA8-94B636CC11D2}.Release|Any CPU.Build.0 = Release|Any CPU
	EndGlobalSection
	GlobalSection(SolutionProperties) = preSolution
		HideSolutionNode = FALSE
	EndGlobalSection
	GlobalSection(ExtensibilityGlobals) = postSolution
		SolutionGuid = {5E1BBE36-3BB2-45EA-A53D-770305AAAEC0}
	EndGlobalSection
EndGlobal
