
Microsoft Visual Studio Solution File, Format Version 12.00
# Visual Studio 15
VisualStudioVersion = 15.0.27130.2027
MinimumVisualStudioVersion = 10.0.40219.1
Project("{FAE04EC0-301F-11D3-BF4B-00C04F79EFBC}") = "Rope", "Rope\Rope.csproj", "{7C9CAD78-18A5-4266-BCB3-56DA135950C3}"
EndProject
Project("{FAE04EC0-301F-11D3-BF4B-00C04F79EFBC}") = "RopeDemo", "RopeDemo\RopeDemo.csproj", "{3EF4D727-3029-41B7-9AD0-E42ABBB1CD88}"
EndProject
Global
	GlobalSection(SolutionConfigurationPlatforms) = preSolution
		Debug|Any CPU = Debug|Any CPU
		Release|Any CPU = Release|Any CPU
	EndGlobalSection
	GlobalSection(ProjectConfigurationPlatforms) = postSolution
		{7C9CAD78-18A5-4266-BCB3-56DA135950C3}.Debug|Any CPU.ActiveCfg = Debug|Any CPU
		{7C9CAD78-18A5-4266-BCB3-56DA135950C3}.Debug|Any CPU.Build.0 = Debug|Any CPU
		{7C9CAD78-18A5-4266-BCB3-56DA135950C3}.Release|Any CPU.ActiveCfg = Release|Any CPU
		{7C9CAD78-18A5-4266-BCB3-56DA135950C3}.Release|Any CPU.Build.0 = Release|Any CPU
		{3EF4D727-3029-41B7-9AD0-E42ABBB1CD88}.Debug|Any CPU.ActiveCfg = Debug|Any CPU
		{3EF4D727-3029-41B7-9AD0-E42ABBB1CD88}.Debug|Any CPU.Build.0 = Debug|Any CPU
		{3EF4D727-3029-41B7-9AD0-E42ABBB1CD88}.Release|Any CPU.ActiveCfg = Release|Any CPU
		{3EF4D727-3029-41B7-9AD0-E42ABBB1CD88}.Release|Any CPU.Build.0 = Release|Any CPU
	EndGlobalSection
	GlobalSection(SolutionProperties) = preSolution
		HideSolutionNode = FALSE
	EndGlobalSection
	GlobalSection(ExtensibilityGlobals) = postSolution
		SolutionGuid = {26D4C808-E776-4174-8995-A41A6A233F65}
	EndGlobalSection
EndGlobal
