
Microsoft Visual Studio Solution File, Format Version 12.00
# Visual Studio 15
VisualStudioVersion = 15.0.28307.421
MinimumVisualStudioVersion = 10.0.40219.1
Project("{FAE04EC0-301F-11D3-BF4B-00C04F79EFBC}") = "ShoppingCenter", "ShoppingCenter\ShoppingCenter.csproj", "{D111E362-92DE-43FA-A6D5-2E28CD0D3EEC}"
EndProject
Global
	GlobalSection(SolutionConfigurationPlatforms) = preSolution
		Debug|Any CPU = Debug|Any CPU
		Release|Any CPU = Release|Any CPU
	EndGlobalSection
	GlobalSection(ProjectConfigurationPlatforms) = postSolution
		{D111E362-92DE-43FA-A6D5-2E28CD0D3EEC}.Debug|Any CPU.ActiveCfg = Debug|Any CPU
		{D111E362-92DE-43FA-A6D5-2E28CD0D3EEC}.Debug|Any CPU.Build.0 = Debug|Any CPU
		{D111E362-92DE-43FA-A6D5-2E28CD0D3EEC}.Release|Any CPU.ActiveCfg = Release|Any CPU
		{D111E362-92DE-43FA-A6D5-2E28CD0D3EEC}.Release|Any CPU.Build.0 = Release|Any CPU
	EndGlobalSection
	GlobalSection(SolutionProperties) = preSolution
		HideSolutionNode = FALSE
	EndGlobalSection
	GlobalSection(ExtensibilityGlobals) = postSolution
		SolutionGuid = {45998213-7ED0-48B3-819D-474F2999FD4B}
	EndGlobalSection
EndGlobal
